
Microsoft Visual Studio Solution File, Format Version 12.00
# Visual Studio Version 17
VisualStudioVersion = 17.3.32505.426
MinimumVisualStudioVersion = 10.0.40219.1
Project("{FAE04EC0-301F-11D3-BF4B-00C04F79EFBC}") = "syncfusion-blazor-app", "syncfusion-blazor-app.csproj", "{83BB7B13-2C1E-4694-BED1-9412315103CD}"
EndProject
Global
	GlobalSection(SolutionConfigurationPlatforms) = preSolution
		Debug|Any CPU = Debug|Any CPU
		Release|Any CPU = Release|Any CPU
	EndGlobalSection
	GlobalSection(ProjectConfigurationPlatforms) = postSolution
		{83BB7B13-2C1E-4694-BED1-9412315103CD}.Debug|Any CPU.ActiveCfg = Debug|Any CPU
		{83BB7B13-2C1E-4694-BED1-9412315103CD}.Debug|Any CPU.Build.0 = Debug|Any CPU
		{83BB7B13-2C1E-4694-BED1-9412315103CD}.Release|Any CPU.ActiveCfg = Release|Any CPU
		{83BB7B13-2C1E-4694-BED1-9412315103CD}.Release|Any CPU.Build.0 = Release|Any CPU
	EndGlobalSection
	GlobalSection(SolutionProperties) = preSolution
		HideSolutionNode = FALSE
	EndGlobalSection
	GlobalSection(ExtensibilityGlobals) = postSolution
		SolutionGuid = {81E606EE-D55D-4CF5-92AF-11D323156440}
	EndGlobalSection
EndGlobal
